// !$*UTF8*$!
{
	archiveVersion = 1;
	classes = {
	};
	objectVersion = 50;
	objects = {

/* Begin PBXBuildFile section */
		4C5371A02488A72A00A7F5A8 /* AppDelegate.m in Sources */ = {isa = PBXBuildFile; fileRef = 4C53719F2488A72A00A7F5A8 /* AppDelegate.m */; };
		4C5371A32488A72A00A7F5A8 /* SceneDelegate.m in Sources */ = {isa = PBXBuildFile; fileRef = 4C5371A22488A72A00A7F5A8 /* SceneDelegate.m */; };
		4C5371A62488A72A00A7F5A8 /* ViewController.m in Sources */ = {isa = PBXBuildFile; fileRef = 4C5371A52488A72A00A7F5A8 /* ViewController.m */; };
		4C5371A92488A72A00A7F5A8 /* Main.storyboard in Resources */ = {isa = PBXBuildFile; fileRef = 4C5371A72488A72A00A7F5A8 /* Main.storyboard */; };
		4C5371AB2488A72C00A7F5A8 /* Assets.xcassets in Resources */ = {isa = PBXBuildFile; fileRef = 4C5371AA2488A72C00A7F5A8 /* Assets.xcassets */; };
		4C5371AE2488A72C00A7F5A8 /* LaunchScreen.storyboard in Resources */ = {isa = PBXBuildFile; fileRef = 4C5371AC2488A72C00A7F5A8 /* LaunchScreen.storyboard */; };
		4C5371B12488A72C00A7F5A8 /* main.m in Sources */ = {isa = PBXBuildFile; fileRef = 4C5371B02488A72C00A7F5A8 /* main.m */; };
		4C5371BB2488A72C00A7F5A8 /* WDEngineeringTests.m in Sources */ = {isa = PBXBuildFile; fileRef = 4C5371BA2488A72C00A7F5A8 /* WDEngineeringTests.m */; };
		4C5371C62488A72C00A7F5A8 /* WDEngineeringUITests.m in Sources */ = {isa = PBXBuildFile; fileRef = 4C5371C52488A72C00A7F5A8 /* WDEngineeringUITests.m */; };
/* End PBXBuildFile section */

/* Begin PBXContainerItemProxy section */
		4C5371B72488A72C00A7F5A8 /* PBXContainerItemProxy */ = {
			isa = PBXContainerItemProxy;
			containerPortal = 4C5371932488A72900A7F5A8 /* Project object */;
			proxyType = 1;
			remoteGlobalIDString = 4C53719A2488A72900A7F5A8;
			remoteInfo = WDEngineering;
		};
		4C5371C22488A72C00A7F5A8 /* PBXContainerItemProxy */ = {
			isa = PBXContainerItemProxy;
			containerPortal = 4C5371932488A72900A7F5A8 /* Project object */;
			proxyType = 1;
			remoteGlobalIDString = 4C53719A2488A72900A7F5A8;
			remoteInfo = WDEngineering;
		};
/* End PBXContainerItemProxy section */

/* Begin PBXFileReference section */
		4C53719B2488A72900A7F5A8 /* WDEngineering.app */ = {isa = PBXFileReference; explicitFileType = wrapper.application; includeInIndex = 0; path = WDEngineering.app; sourceTree = BUILT_PRODUCTS_DIR; };
		4C53719E2488A72A00A7F5A8 /* AppDelegate.h */ = {isa = PBXFileReference; lastKnownFileType = sourcecode.c.h; path = AppDelegate.h; sourceTree = "<group>"; };
		4C53719F2488A72A00A7F5A8 /* AppDelegate.m */ = {isa = PBXFileReference; lastKnownFileType = sourcecode.c.objc; path = AppDelegate.m; sourceTree = "<group>"; };
		4C5371A12488A72A00A7F5A8 /* SceneDelegate.h */ = {isa = PBXFileReference; lastKnownFileType = sourcecode.c.h; path = SceneDelegate.h; sourceTree = "<group>"; };
		4C5371A22488A72A00A7F5A8 /* SceneDelegate.m */ = {isa = PBXFileReference; lastKnownFileType = sourcecode.c.objc; path = SceneDelegate.m; sourceTree = "<group>"; };
		4C5371A42488A72A00A7F5A8 /* ViewController.h */ = {isa = PBXFileReference; lastKnownFileType = sourcecode.c.h; path = ViewController.h; sourceTree = "<group>"; };
		4C5371A52488A72A00A7F5A8 /* ViewController.m */ = {isa = PBXFileReference; lastKnownFileType = sourcecode.c.objc; path = ViewController.m; sourceTree = "<group>"; };
		4C5371A82488A72A00A7F5A8 /* Base */ = {isa = PBXFileReference; lastKnownFileType = file.storyboard; name = Base; path = Base.lproj/Main.storyboard; sourceTree = "<group>"; };
		4C5371AA2488A72C00A7F5A8 /* Assets.xcassets */ = {isa = PBXFileReference; lastKnownFileType = folder.assetcatalog; path = Assets.xcassets; sourceTree = "<group>"; };
		4C5371AD2488A72C00A7F5A8 /* Base */ = {isa = PBXFileReference; lastKnownFileType = file.storyboard; name = Base; path = Base.lproj/LaunchScreen.storyboard; sourceTree = "<group>"; };
		4C5371AF2488A72C00A7F5A8 /* Info.plist */ = {isa = PBXFileReference; lastKnownFileType = text.plist.xml; path = Info.plist; sourceTree = "<group>"; };
		4C5371B02488A72C00A7F5A8 /* main.m */ = {isa = PBXFileReference; lastKnownFileType = sourcecode.c.objc; path = main.m; sourceTree = "<group>"; };
		4C5371B62488A72C00A7F5A8 /* WDEngineeringTests.xctest */ = {isa = PBXFileReference; explicitFileType = wrapper.cfbundle; includeInIndex = 0; path = WDEngineeringTests.xctest; sourceTree = BUILT_PRODUCTS_DIR; };
		4C5371BA2488A72C00A7F5A8 /* WDEngineeringTests.m */ = {isa = PBXFileReference; lastKnownFileType = sourcecode.c.objc; path = WDEngineeringTests.m; sourceTree = "<group>"; };
		4C5371BC2488A72C00A7F5A8 /* Info.plist */ = {isa = PBXFileReference; lastKnownFileType = text.plist.xml; path = Info.plist; sourceTree = "<group>"; };
		4C5371C12488A72C00A7F5A8 /* WDEngineeringUITests.xctest */ = {isa = PBXFileReference; explicitFileType = wrapper.cfbundle; includeInIndex = 0; path = WDEngineeringUITests.xctest; sourceTree = BUILT_PRODUCTS_DIR; };
		4C5371C52488A72C00A7F5A8 /* WDEngineeringUITests.m */ = {isa = PBXFileReference; lastKnownFileType = sourcecode.c.objc; path = WDEngineeringUITests.m; sourceTree = "<group>"; };
		4C5371C72488A72C00A7F5A8 /* Info.plist */ = {isa = PBXFileReference; lastKnownFileType = text.plist.xml; path = Info.plist; sourceTree = "<group>"; };
/* End PBXFileReference section */

/* Begin PBXFrameworksBuildPhase section */
		4C5371982488A72900A7F5A8 /* Frameworks */ = {
			isa = PBXFrameworksBuildPhase;
			buildActionMask = 2147483647;
			files = (
			);
			runOnlyForDeploymentPostprocessing = 0;
		};
		4C5371B32488A72C00A7F5A8 /* Frameworks */ = {
			isa = PBXFrameworksBuildPhase;
			buildActionMask = 2147483647;
			files = (
			);
			runOnlyForDeploymentPostprocessing = 0;
		};
		4C5371BE2488A72C00A7F5A8 /* Frameworks */ = {
			isa = PBXFrameworksBuildPhase;
			buildActionMask = 2147483647;
			files = (
			);
			runOnlyForDeploymentPostprocessing = 0;
		};
/* End PBXFrameworksBuildPhase section */

/* Begin PBXGroup section */
		4C5371922488A72900A7F5A8 = {
			isa = PBXGroup;
			children = (
				4C53719D2488A72900A7F5A8 /* WDEngineering */,
				4C5371B92488A72C00A7F5A8 /* WDEngineeringTests */,
				4C5371C42488A72C00A7F5A8 /* WDEngineeringUITests */,
				4C53719C2488A72900A7F5A8 /* Products */,
			);
			sourceTree = "<group>";
		};
		4C53719C2488A72900A7F5A8 /* Products */ = {
			isa = PBXGroup;
			children = (
				4C53719B2488A72900A7F5A8 /* WDEngineering.app */,
				4C5371B62488A72C00A7F5A8 /* WDEngineeringTests.xctest */,
				4C5371C12488A72C00A7F5A8 /* WDEngineeringUITests.xctest */,
			);
			name = Products;
			sourceTree = "<group>";
		};
		4C53719D2488A72900A7F5A8 /* WDEngineering */ = {
			isa = PBXGroup;
			children = (
				4C53719E2488A72A00A7F5A8 /* AppDelegate.h */,
				4C53719F2488A72A00A7F5A8 /* AppDelegate.m */,
				4C5371A12488A72A00A7F5A8 /* SceneDelegate.h */,
				4C5371A22488A72A00A7F5A8 /* SceneDelegate.m */,
				4C5371A42488A72A00A7F5A8 /* ViewController.h */,
				4C5371A52488A72A00A7F5A8 /* ViewController.m */,
				4C5371A72488A72A00A7F5A8 /* Main.storyboard */,
				4C5371AA2488A72C00A7F5A8 /* Assets.xcassets */,
				4C5371AC2488A72C00A7F5A8 /* LaunchScreen.storyboard */,
				4C5371AF2488A72C00A7F5A8 /* Info.plist */,
				4C5371B02488A72C00A7F5A8 /* main.m */,
			);
			path = WDEngineering;
			sourceTree = "<group>";
		};
		4C5371B92488A72C00A7F5A8 /* WDEngineeringTests */ = {
			isa = PBXGroup;
			children = (
				4C5371BA2488A72C00A7F5A8 /* WDEngineeringTests.m */,
				4C5371BC2488A72C00A7F5A8 /* Info.plist */,
			);
			path = WDEngineeringTests;
			sourceTree = "<group>";
		};
		4C5371C42488A72C00A7F5A8 /* WDEngineeringUITests */ = {
			isa = PBXGroup;
			children = (
				4C5371C52488A72C00A7F5A8 /* WDEngineeringUITests.m */,
				4C5371C72488A72C00A7F5A8 /* Info.plist */,
			);
			path = WDEngineeringUITests;
			sourceTree = "<group>";
		};
/* End PBXGroup section */

/* Begin PBXNativeTarget section */
		4C53719A2488A72900A7F5A8 /* WDEngineering */ = {
			isa = PBXNativeTarget;
			buildConfigurationList = 4C5371CA2488A72C00A7F5A8 /* Build configuration list for PBXNativeTarget "WDEngineering" */;
			buildPhases = (
				4C5371972488A72900A7F5A8 /* Sources */,
				4C5371982488A72900A7F5A8 /* Frameworks */,
				4C5371992488A72900A7F5A8 /* Resources */,
			);
			buildRules = (
			);
			dependencies = (
			);
			name = WDEngineering;
			productName = WDEngineering;
			productReference = 4C53719B2488A72900A7F5A8 /* WDEngineering.app */;
			productType = "com.apple.product-type.application";
		};
		4C5371B52488A72C00A7F5A8 /* WDEngineeringTests */ = {
			isa = PBXNativeTarget;
			buildConfigurationList = 4C5371CD2488A72C00A7F5A8 /* Build configuration list for PBXNativeTarget "WDEngineeringTests" */;
			buildPhases = (
				4C5371B22488A72C00A7F5A8 /* Sources */,
				4C5371B32488A72C00A7F5A8 /* Frameworks */,
				4C5371B42488A72C00A7F5A8 /* Resources */,
			);
			buildRules = (
			);
			dependencies = (
				4C5371B82488A72C00A7F5A8 /* PBXTargetDependency */,
			);
			name = WDEngineeringTests;
			productName = WDEngineeringTests;
			productReference = 4C5371B62488A72C00A7F5A8 /* WDEngineeringTests.xctest */;
			productType = "com.apple.product-type.bundle.unit-test";
		};
		4C5371C02488A72C00A7F5A8 /* WDEngineeringUITests */ = {
			isa = PBXNativeTarget;
			buildConfigurationList = 4C5371D02488A72C00A7F5A8 /* Build configuration list for PBXNativeTarget "WDEngineeringUITests" */;
			buildPhases = (
				4C5371BD2488A72C00A7F5A8 /* Sources */,
				4C5371BE2488A72C00A7F5A8 /* Frameworks */,
				4C5371BF2488A72C00A7F5A8 /* Resources */,
			);
			buildRules = (
			);
			dependencies = (
				4C5371C32488A72C00A7F5A8 /* PBXTargetDependency */,
			);
			name = WDEngineeringUITests;
			productName = WDEngineeringUITests;
			productReference = 4C5371C12488A72C00A7F5A8 /* WDEngineeringUITests.xctest */;
			productType = "com.apple.product-type.bundle.ui-testing";
		};
/* End PBXNativeTarget section */

/* Begin PBXProject section */
		4C5371932488A72900A7F5A8 /* Project object */ = {
			isa = PBXProject;
			attributes = {
				LastUpgradeCheck = 1150;
				ORGANIZATIONNAME = "伟东";
				TargetAttributes = {
					4C53719A2488A72900A7F5A8 = {
						CreatedOnToolsVersion = 11.5;
					};
					4C5371B52488A72C00A7F5A8 = {
						CreatedOnToolsVersion = 11.5;
						TestTargetID = 4C53719A2488A72900A7F5A8;
					};
					4C5371C02488A72C00A7F5A8 = {
						CreatedOnToolsVersion = 11.5;
						TestTargetID = 4C53719A2488A72900A7F5A8;
					};
				};
			};
			buildConfigurationList = 4C5371962488A72900A7F5A8 /* Build configuration list for PBXProject "WDEngineering" */;
			compatibilityVersion = "Xcode 9.3";
			developmentRegion = en;
			hasScannedForEncodings = 0;
			knownRegions = (
				en,
				Base,
			);
			mainGroup = 4C5371922488A72900A7F5A8;
			productRefGroup = 4C53719C2488A72900A7F5A8 /* Products */;
			projectDirPath = "";
			projectRoot = "";
			targets = (
				4C53719A2488A72900A7F5A8 /* WDEngineering */,
				4C5371B52488A72C00A7F5A8 /* WDEngineeringTests */,
				4C5371C02488A72C00A7F5A8 /* WDEngineeringUITests */,
			);
		};
/* End PBXProject section */

/* Begin PBXResourcesBuildPhase section */
		4C5371992488A72900A7F5A8 /* Resources */ = {
			isa = PBXResourcesBuildPhase;
			buildActionMask = 2147483647;
			files = (
				4C5371AE2488A72C00A7F5A8 /* LaunchScreen.storyboard in Resources */,
				4C5371AB2488A72C00A7F5A8 /* Assets.xcassets in Resources */,
				4C5371A92488A72A00A7F5A8 /* Main.storyboard in Resources */,
			);
			runOnlyForDeploymentPostprocessing = 0;
		};
		4C5371B42488A72C00A7F5A8 /* Resources */ = {
			isa = PBXResourcesBuildPhase;
			buildActionMask = 2147483647;
			files = (
			);
			runOnlyForDeploymentPostprocessing = 0;
		};
		4C5371BF2488A72C00A7F5A8 /* Resources */ = {
			isa = PBXResourcesBuildPhase;
			buildActionMask = 2147483647;
			files = (
			);
			runOnlyForDeploymentPostprocessing = 0;
		};
/* End PBXResourcesBuildPhase section */

/* Begin PBXSourcesBuildPhase section */
		4C5371972488A72900A7F5A8 /* Sources */ = {
			isa = PBXSourcesBuildPhase;
			buildActionMask = 2147483647;
			files = (
				4C5371A62488A72A00A7F5A8 /* ViewController.m in Sources */,
				4C5371A02488A72A00A7F5A8 /* AppDelegate.m in Sources */,
				4C5371B12488A72C00A7F5A8 /* main.m in Sources */,
				4C5371A32488A72A00A7F5A8 /* SceneDelegate.m in Sources */,
			);
			runOnlyForDeploymentPostprocessing = 0;
		};
		4C5371B22488A72C00A7F5A8 /* Sources */ = {
			isa = PBXSourcesBuildPhase;
			buildActionMask = 2147483647;
			files = (
				4C5371BB2488A72C00A7F5A8 /* WDEngineeringTests.m in Sources */,
			);
			runOnlyForDeploymentPostprocessing = 0;
		};
		4C5371BD2488A72C00A7F5A8 /* Sources */ = {
			isa = PBXSourcesBuildPhase;
			buildActionMask = 2147483647;
			files = (
				4C5371C62488A72C00A7F5A8 /* WDEngineeringUITests.m in Sources */,
			);
			runOnlyForDeploymentPostprocessing = 0;
		};
/* End PBXSourcesBuildPhase section */

/* Begin PBXTargetDependency section */
		4C5371B82488A72C00A7F5A8 /* PBXTargetDependency */ = {
			isa = PBXTargetDependency;
			target = 4C53719A2488A72900A7F5A8 /* WDEngineering */;
			targetProxy = 4C5371B72488A72C00A7F5A8 /* PBXContainerItemProxy */;
		};
		4C5371C32488A72C00A7F5A8 /* PBXTargetDependency */ = {
			isa = PBXTargetDependency;
			target = 4C53719A2488A72900A7F5A8 /* WDEngineering */;
			targetProxy = 4C5371C22488A72C00A7F5A8 /* PBXContainerItemProxy */;
		};
/* End PBXTargetDependency section */

/* Begin PBXVariantGroup section */
		4C5371A72488A72A00A7F5A8 /* Main.storyboard */ = {
			isa = PBXVariantGroup;
			children = (
				4C5371A82488A72A00A7F5A8 /* Base */,
			);
			name = Main.storyboard;
			sourceTree = "<group>";
		};
		4C5371AC2488A72C00A7F5A8 /* LaunchScreen.storyboard */ = {
			isa = PBXVariantGroup;
			children = (
				4C5371AD2488A72C00A7F5A8 /* Base */,
			);
			name = LaunchScreen.storyboard;
			sourceTree = "<group>";
		};
/* End PBXVariantGroup section */

/* Begin XCBuildConfiguration section */
		4C5371C82488A72C00A7F5A8 /* Debug */ = {
			isa = XCBuildConfiguration;
			buildSettings = {
				ALWAYS_SEARCH_USER_PATHS = NO;
				CLANG_ANALYZER_NONNULL = YES;
				CLANG_ANALYZER_NUMBER_OBJECT_CONVERSION = YES_AGGRESSIVE;
				CLANG_CXX_LANGUAGE_STANDARD = "gnu++14";
				CLANG_CXX_LIBRARY = "libc++";
				CLANG_ENABLE_MODULES = YES;
				CLANG_ENABLE_OBJC_ARC = YES;
				CLANG_ENABLE_OBJC_WEAK = YES;
				CLANG_WARN_BLOCK_CAPTURE_AUTORELEASING = YES;
				CLANG_WARN_BOOL_CONVERSION = YES;
				CLANG_WARN_COMMA = YES;
				CLANG_WARN_CONSTANT_CONVERSION = YES;
				CLANG_WARN_DEPRECATED_OBJC_IMPLEMENTATIONS = YES;
				CLANG_WARN_DIRECT_OBJC_ISA_USAGE = YES_ERROR;
				CLANG_WARN_DOCUMENTATION_COMMENTS = YES;
				CLANG_WARN_EMPTY_BODY = YES;
				CLANG_WARN_ENUM_CONVERSION = YES;
				CLANG_WARN_INFINITE_RECURSION = YES;
				CLANG_WARN_INT_CONVERSION = YES;
				CLANG_WARN_NON_LITERAL_NULL_CONVERSION = YES;
				CLANG_WARN_OBJC_IMPLICIT_RETAIN_SELF = YES;
				CLANG_WARN_OBJC_LITERAL_CONVERSION = YES;
				CLANG_WARN_OBJC_ROOT_CLASS = YES_ERROR;
				CLANG_WARN_RANGE_LOOP_ANALYSIS = YES;
				CLANG_WARN_STRICT_PROTOTYPES = YES;
				CLANG_WARN_SUSPICIOUS_MOVE = YES;
				CLANG_WARN_UNGUARDED_AVAILABILITY = YES_AGGRESSIVE;
				CLANG_WARN_UNREACHABLE_CODE = YES;
				CLANG_WARN__DUPLICATE_METHOD_MATCH = YES;
				COPY_PHASE_STRIP = NO;
				DEBUG_INFORMATION_FORMAT = dwarf;
				ENABLE_STRICT_OBJC_MSGSEND = YES;
				ENABLE_TESTABILITY = YES;
				GCC_C_LANGUAGE_STANDARD = gnu11;
				GCC_DYNAMIC_NO_PIC = NO;
				GCC_NO_COMMON_BLOCKS = YES;
				GCC_OPTIMIZATION_LEVEL = 0;
				GCC_PREPROCESSOR_DEFINITIONS = (
					"DEBUG=1",
					"$(inherited)",
				);
				GCC_WARN_64_TO_32_BIT_CONVERSION = YES;
				GCC_WARN_ABOUT_RETURN_TYPE = YES_ERROR;
				GCC_WARN_UNDECLARED_SELECTOR = YES;
				GCC_WARN_UNINITIALIZED_AUTOS = YES_AGGRESSIVE;
				GCC_WARN_UNUSED_FUNCTION = YES;
				GCC_WARN_UNUSED_VARIABLE = YES;
				IPHONEOS_DEPLOYMENT_TARGET = 13.5;
				MTL_ENABLE_DEBUG_INFO = INCLUDE_SOURCE;
				MTL_FAST_MATH = YES;
				ONLY_ACTIVE_ARCH = YES;
				SDKROOT = iphoneos;
			};
			name = Debug;
		};
		4C5371C92488A72C00A7F5A8 /* Release */ = {
			isa = XCBuildConfiguration;
			buildSettings = {
				ALWAYS_SEARCH_USER_PATHS = NO;
				CLANG_ANALYZER_NONNULL = YES;
				CLANG_ANALYZER_NUMBER_OBJECT_CONVERSION = YES_AGGRESSIVE;
				CLANG_CXX_LANGUAGE_STANDARD = "gnu++14";
				CLANG_CXX_LIBRARY = "libc++";
				CLANG_ENABLE_MODULES = YES;
				CLANG_ENABLE_OBJC_ARC = YES;
				CLANG_ENABLE_OBJC_WEAK = YES;
				CLANG_WARN_BLOCK_CAPTURE_AUTORELEASING = YES;
				CLANG_WARN_BOOL_CONVERSION = YES;
				CLANG_WARN_COMMA = YES;
				CLANG_WARN_CONSTANT_CONVERSION = YES;
				CLANG_WARN_DEPRECATED_OBJC_IMPLEMENTATIONS = YES;
				CLANG_WARN_DIRECT_OBJC_ISA_USAGE = YES_ERROR;
				CLANG_WARN_DOCUMENTATION_COMMENTS = YES;
				CLANG_WARN_EMPTY_BODY = YES;
				CLANG_WARN_ENUM_CONVERSION = YES;
				CLANG_WARN_INFINITE_RECURSION = YES;
				CLANG_WARN_INT_CONVERSION = YES;
				CLANG_WARN_NON_LITERAL_NULL_CONVERSION = YES;
				CLANG_WARN_OBJC_IMPLICIT_RETAIN_SELF = YES;
				CLANG_WARN_OBJC_LITERAL_CONVERSION = YES;
				CLANG_WARN_OBJC_ROOT_CLASS = YES_ERROR;
				CLANG_WARN_RANGE_LOOP_ANALYSIS = YES;
				CLANG_WARN_STRICT_PROTOTYPES = YES;
				CLANG_WARN_SUSPICIOUS_MOVE = YES;
				CLANG_WARN_UNGUARDED_AVAILABILITY = YES_AGGRESSIVE;
				CLANG_WARN_UNREACHABLE_CODE = YES;
				CLANG_WARN__DUPLICATE_METHOD_MATCH = YES;
				COPY_PHASE_STRIP = NO;
				DEBUG_INFORMATION_FORMAT = "dwarf-with-dsym";
				ENABLE_NS_ASSERTIONS = NO;
				ENABLE_STRICT_OBJC_MSGSEND = YES;
				GCC_C_LANGUAGE_STANDARD = gnu11;
				GCC_NO_COMMON_BLOCKS = YES;
				GCC_WARN_64_TO_32_BIT_CONVERSION = YES;
				GCC_WARN_ABOUT_RETURN_TYPE = YES_ERROR;
				GCC_WARN_UNDECLARED_SELECTOR = YES;
				GCC_WARN_UNINITIALIZED_AUTOS = YES_AGGRESSIVE;
				GCC_WARN_UNUSED_FUNCTION = YES;
				GCC_WARN_UNUSED_VARIABLE = YES;
				IPHONEOS_DEPLOYMENT_TARGET = 13.5;
				MTL_ENABLE_DEBUG_INFO = NO;
				MTL_FAST_MATH = YES;
				SDKROOT = iphoneos;
				VALIDATE_PRODUCT = YES;
			};
			name = Release;
		};
		4C5371CB2488A72C00A7F5A8 /* Debug */ = {
			isa = XCBuildConfiguration;
			buildSettings = {
				ASSETCATALOG_COMPILER_APPICON_NAME = AppIcon;
				CODE_SIGN_STYLE = Automatic;
				INFOPLIST_FILE = WDEngineering/Info.plist;
				LD_RUNPATH_SEARCH_PATHS = (
					"$(inherited)",
					"@executable_path/Frameworks",
				);
				PRODUCT_BUNDLE_IDENTIFIER = jiangweiodng.com.WDEngineering;
				PRODUCT_NAME = "$(TARGET_NAME)";
				TARGETED_DEVICE_FAMILY = "1,2";
			};
			name = Debug;
		};
		4C5371CC2488A72C00A7F5A8 /* Release */ = {
			isa = XCBuildConfiguration;
			buildSettings = {
				ASSETCATALOG_COMPILER_APPICON_NAME = AppIcon;
				CODE_SIGN_STYLE = Automatic;
				INFOPLIST_FILE = WDEngineering/Info.plist;
				LD_RUNPATH_SEARCH_PATHS = (
					"$(inherited)",
					"@executable_path/Frameworks",
				);
				PRODUCT_BUNDLE_IDENTIFIER = jiangweiodng.com.WDEngineering;
				PRODUCT_NAME = "$(TARGET_NAME)";
				TARGETED_DEVICE_FAMILY = "1,2";
			};
			name = Release;
		};
		4C5371CE2488A72C00A7F5A8 /* Debug */ = {
			isa = XCBuildConfiguration;
			buildSettings = {
				BUNDLE_LOADER = "$(TEST_HOST)";
				CODE_SIGN_STYLE = Automatic;
				INFOPLIST_FILE = WDEngineeringTests/Info.plist;
				IPHONEOS_DEPLOYMENT_TARGET = 13.5;
				LD_RUNPATH_SEARCH_PATHS = (
					"$(inherited)",
					"@executable_path/Frameworks",
					"@loader_path/Frameworks",
				);
				PRODUCT_BUNDLE_IDENTIFIER = jiangweiodng.com.WDEngineeringTests;
				PRODUCT_NAME = "$(TARGET_NAME)";
				TARGETED_DEVICE_FAMILY = "1,2";
				TEST_HOST = "$(BUILT_PRODUCTS_DIR)/WDEngineering.app/WDEngineering";
			};
			name = Debug;
		};
		4C5371CF2488A72C00A7F5A8 /* Release */ = {
			isa = XCBuildConfiguration;
			buildSettings = {
				BUNDLE_LOADER = "$(TEST_HOST)";
				CODE_SIGN_STYLE = Automatic;
				INFOPLIST_FILE = WDEngineeringTests/Info.plist;
				IPHONEOS_DEPLOYMENT_TARGET = 13.5;
				LD_RUNPATH_SEARCH_PATHS = (
					"$(inherited)",
					"@executable_path/Frameworks",
					"@loader_path/Frameworks",
				);
				PRODUCT_BUNDLE_IDENTIFIER = jiangweiodng.com.WDEngineeringTests;
				PRODUCT_NAME = "$(TARGET_NAME)";
				TARGETED_DEVICE_FAMILY = "1,2";
				TEST_HOST = "$(BUILT_PRODUCTS_DIR)/WDEngineering.app/WDEngineering";
			};
			name = Release;
		};
		4C5371D12488A72C00A7F5A8 /* Debug */ = {
			isa = XCBuildConfiguration;
			buildSettings = {
				CODE_SIGN_STYLE = Automatic;
				INFOPLIST_FILE = WDEngineeringUITests/Info.plist;
				LD_RUNPATH_SEARCH_PATHS = (
					"$(inherited)",
					"@executable_path/Frameworks",
					"@loader_path/Frameworks",
				);
				PRODUCT_BUNDLE_IDENTIFIER = jiangweiodng.com.WDEngineeringUITests;
				PRODUCT_NAME = "$(TARGET_NAME)";
				TARGETED_DEVICE_FAMILY = "1,2";
				TEST_TARGET_NAME = WDEngineering;
			};
			name = Debug;
		};
		4C5371D22488A72C00A7F5A8 /* Release */ = {
			isa = XCBuildConfiguration;
			buildSettings = {
				CODE_SIGN_STYLE = Automatic;
				INFOPLIST_FILE = WDEngineeringUITests/Info.plist;
				LD_RUNPATH_SEARCH_PATHS = (
					"$(inherited)",
					"@executable_path/Frameworks",
					"@loader_path/Frameworks",
				);
				PRODUCT_BUNDLE_IDENTIFIER = jiangweiodng.com.WDEngineeringUITests;
				PRODUCT_NAME = "$(TARGET_NAME)";
				TARGETED_DEVICE_FAMILY = "1,2";
				TEST_TARGET_NAME = WDEngineering;
			};
			name = Release;
		};
/* End XCBuildConfiguration section */

/* Begin XCConfigurationList section */
		4C5371962488A72900A7F5A8 /* Build configuration list for PBXProject "WDEngineering" */ = {
			isa = XCConfigurationList;
			buildConfigurations = (
				4C5371C82488A72C00A7F5A8 /* Debug */,
				4C5371C92488A72C00A7F5A8 /* Release */,
			);
			defaultConfigurationIsVisible = 0;
			defaultConfigurationName = Release;
		};
		4C5371CA2488A72C00A7F5A8 /* Build configuration list for PBXNativeTarget "WDEngineering" */ = {
			isa = XCConfigurationList;
			buildConfigurations = (
				4C5371CB2488A72C00A7F5A8 /* Debug */,
				4C5371CC2488A72C00A7F5A8 /* Release */,
			);
			defaultConfigurationIsVisible = 0;
			defaultConfigurationName = Release;
		};
		4C5371CD2488A72C00A7F5A8 /* Build configuration list for PBXNativeTarget "WDEngineeringTests" */ = {
			isa = XCConfigurationList;
			buildConfigurations = (
				4C5371CE2488A72C00A7F5A8 /* Debug */,
				4C5371CF2488A72C00A7F5A8 /* Release */,
			);
			defaultConfigurationIsVisible = 0;
			defaultConfigurationName = Release;
		};
		4C5371D02488A72C00A7F5A8 /* Build configuration list for PBXNativeTarget "WDEngineeringUITests" */ = {
			isa = XCConfigurationList;
			buildConfigurations = (
				4C5371D12488A72C00A7F5A8 /* Debug */,
				4C5371D22488A72C00A7F5A8 /* Release */,
			);
			defaultConfigurationIsVisible = 0;
			defaultConfigurationName = Release;
		};
/* End XCConfigurationList section */
	};
	rootObject = 4C5371932488A72900A7F5A8 /* Project object */;
}
